
Microsoft Visual Studio Solution File, Format Version 12.00
# Visual Studio Version 17
VisualStudioVersion = 17.0.31815.197
MinimumVisualStudioVersion = 10.0.40219.1
Project("{FAE04EC0-301F-11D3-BF4B-00C04F79EFBC}") = "SQLServerBackupsSystem", "SQLServerBackupsSystem\SQLServerBackupsSystem.csproj", "{35094D30-3A3B-4C9F-9F91-BDB3CCC07CCD}"
EndProject
Global
	GlobalSection(SolutionConfigurationPlatforms) = preSolution
		Debug|Any CPU = Debug|Any CPU
		Release|Any CPU = Release|Any CPU
	EndGlobalSection
	GlobalSection(ProjectConfigurationPlatforms) = postSolution
		{35094D30-3A3B-4C9F-9F91-BDB3CCC07CCD}.Debug|Any CPU.ActiveCfg = Debug|Any CPU
		{35094D30-3A3B-4C9F-9F91-BDB3CCC07CCD}.Debug|Any CPU.Build.0 = Debug|Any CPU
		{35094D30-3A3B-4C9F-9F91-BDB3CCC07CCD}.Release|Any CPU.ActiveCfg = Release|Any CPU
		{35094D30-3A3B-4C9F-9F91-BDB3CCC07CCD}.Release|Any CPU.Build.0 = Release|Any CPU
	EndGlobalSection
	GlobalSection(SolutionProperties) = preSolution
		HideSolutionNode = FALSE
	EndGlobalSection
	GlobalSection(ExtensibilityGlobals) = postSolution
		SolutionGuid = {B941C2CD-41A6-41E8-9E16-3F0A4C773DCC}
	EndGlobalSection
EndGlobal
